// !$*UTF8*$!
{
	archiveVersion = 1;
	classes = {
	};
	objectVersion = 46;
	objects = {

/* Begin PBXBuildFile section */
		AD183B65152691E40033025D /* MainViewController.m in Sources */ = {isa = PBXBuildFile; fileRef = AD183B64152691E40033025D /* MainViewController.m */; };
		AD183B691526A1CC0033025D /* PromNight.sqlite in Resources */ = {isa = PBXBuildFile; fileRef = AD183B681526A1CC0033025D /* PromNight.sqlite */; };
		EE0DC9621526086000896418 /* PromNight.xcdatamodeld in Sources */ = {isa = PBXBuildFile; fileRef = EE0DC9601526086000896418 /* PromNight.xcdatamodeld */; };
		EE4744BA1546F30900706856 /* ArrivedGuestsViewController.m in Sources */ = {isa = PBXBuildFile; fileRef = EE4744B91546F30900706856 /* ArrivedGuestsViewController.m */; };
		EE4744D21547083100706856 /* ArrivedGuestsCell.m in Sources */ = {isa = PBXBuildFile; fileRef = EE4744D11547083100706856 /* ArrivedGuestsCell.m */; };
		EE51D2E91526054E008781A1 /* UIKit.framework in Frameworks */ = {isa = PBXBuildFile; fileRef = EE51D2E81526054E008781A1 /* UIKit.framework */; };
		EE51D2EB1526054E008781A1 /* Foundation.framework in Frameworks */ = {isa = PBXBuildFile; fileRef = EE51D2EA1526054E008781A1 /* Foundation.framework */; };
		EE51D2ED1526054E008781A1 /* CoreGraphics.framework in Frameworks */ = {isa = PBXBuildFile; fileRef = EE51D2EC1526054E008781A1 /* CoreGraphics.framework */; };
		EE51D2EF1526054E008781A1 /* CoreData.framework in Frameworks */ = {isa = PBXBuildFile; fileRef = EE51D2EE1526054E008781A1 /* CoreData.framework */; };
		EE51D2F51526054E008781A1 /* InfoPlist.strings in Resources */ = {isa = PBXBuildFile; fileRef = EE51D2F31526054E008781A1 /* InfoPlist.strings */; };
		EE51D2F71526054E008781A1 /* main.m in Sources */ = {isa = PBXBuildFile; fileRef = EE51D2F61526054E008781A1 /* main.m */; };
		EE51D2FB1526054E008781A1 /* AppDelegate.m in Sources */ = {isa = PBXBuildFile; fileRef = EE51D2FA1526054E008781A1 /* AppDelegate.m */; };
		EE51D2FE1526054E008781A1 /* MainStoryboard.storyboard in Resources */ = {isa = PBXBuildFile; fileRef = EE51D2FC1526054E008781A1 /* MainStoryboard.storyboard */; };
		FBFDED91153F0B3B002567A1 /* Default-Portrait@2x~ipad.png in Resources */ = {isa = PBXBuildFile; fileRef = FBFDED90153F0B3B002567A1 /* Default-Portrait@2x~ipad.png */; };
		FBFDED94153F1239002567A1 /* main.png in Resources */ = {isa = PBXBuildFile; fileRef = FBFDED93153F1239002567A1 /* main.png */; };
/* End PBXBuildFile section */

/* Begin PBXFileReference section */
		AD183B63152691E40033025D /* MainViewController.h */ = {isa = PBXFileReference; fileEncoding = 4; lastKnownFileType = sourcecode.c.h; path = MainViewController.h; sourceTree = "<group>"; };
		AD183B64152691E40033025D /* MainViewController.m */ = {isa = PBXFileReference; fileEncoding = 4; lastKnownFileType = sourcecode.c.objc; lineEnding = 0; path = MainViewController.m; sourceTree = "<group>"; xcLanguageSpecificationIdentifier = xcode.lang.objc; };
		AD183B681526A1CC0033025D /* PromNight.sqlite */ = {isa = PBXFileReference; lastKnownFileType = file; path = PromNight.sqlite; sourceTree = "<group>"; };
		EE0DC9611526086000896418 /* PromNight.xcdatamodel */ = {isa = PBXFileReference; lastKnownFileType = wrapper.xcdatamodel; path = PromNight.xcdatamodel; sourceTree = "<group>"; };
		EE0DC9691526089A00896418 /* CommonMacros.h */ = {isa = PBXFileReference; fileEncoding = 4; lastKnownFileType = sourcecode.c.h; name = CommonMacros.h; path = ../../Common/CommonMacros.h; sourceTree = "<group>"; };
		EE4744B81546F30900706856 /* ArrivedGuestsViewController.h */ = {isa = PBXFileReference; fileEncoding = 4; lastKnownFileType = sourcecode.c.h; path = ArrivedGuestsViewController.h; sourceTree = "<group>"; };
		EE4744B91546F30900706856 /* ArrivedGuestsViewController.m */ = {isa = PBXFileReference; fileEncoding = 4; lastKnownFileType = sourcecode.c.objc; lineEnding = 0; path = ArrivedGuestsViewController.m; sourceTree = "<group>"; xcLanguageSpecificationIdentifier = xcode.lang.objc; };
		EE4744D01547083100706856 /* ArrivedGuestsCell.h */ = {isa = PBXFileReference; fileEncoding = 4; lastKnownFileType = sourcecode.c.h; path = ArrivedGuestsCell.h; sourceTree = "<group>"; };
		EE4744D11547083100706856 /* ArrivedGuestsCell.m */ = {isa = PBXFileReference; fileEncoding = 4; lastKnownFileType = sourcecode.c.objc; lineEnding = 0; path = ArrivedGuestsCell.m; sourceTree = "<group>"; xcLanguageSpecificationIdentifier = xcode.lang.objc; };
		EE51D2E41526054E008781A1 /* PromNight.app */ = {isa = PBXFileReference; explicitFileType = wrapper.application; includeInIndex = 0; path = PromNight.app; sourceTree = BUILT_PRODUCTS_DIR; };
		EE51D2E81526054E008781A1 /* UIKit.framework */ = {isa = PBXFileReference; lastKnownFileType = wrapper.framework; name = UIKit.framework; path = System/Library/Frameworks/UIKit.framework; sourceTree = SDKROOT; };
		EE51D2EA1526054E008781A1 /* Foundation.framework */ = {isa = PBXFileReference; lastKnownFileType = wrapper.framework; name = Foundation.framework; path = System/Library/Frameworks/Foundation.framework; sourceTree = SDKROOT; };
		EE51D2EC1526054E008781A1 /* CoreGraphics.framework */ = {isa = PBXFileReference; lastKnownFileType = wrapper.framework; name = CoreGraphics.framework; path = System/Library/Frameworks/CoreGraphics.framework; sourceTree = SDKROOT; };
		EE51D2EE1526054E008781A1 /* CoreData.framework */ = {isa = PBXFileReference; lastKnownFileType = wrapper.framework; name = CoreData.framework; path = System/Library/Frameworks/CoreData.framework; sourceTree = SDKROOT; };
		EE51D2F21526054E008781A1 /* Info.plist */ = {isa = PBXFileReference; lastKnownFileType = text.plist.xml; path = Info.plist; sourceTree = "<group>"; };
		EE51D2F41526054E008781A1 /* en */ = {isa = PBXFileReference; lastKnownFileType = text.plist.strings; name = en; path = en.lproj/InfoPlist.strings; sourceTree = "<group>"; };
		EE51D2F61526054E008781A1 /* main.m */ = {isa = PBXFileReference; lastKnownFileType = sourcecode.c.objc; path = main.m; sourceTree = "<group>"; };
		EE51D2F81526054E008781A1 /* Prefix.pch */ = {isa = PBXFileReference; lastKnownFileType = sourcecode.c.h; path = Prefix.pch; sourceTree = "<group>"; };
		EE51D2F91526054E008781A1 /* AppDelegate.h */ = {isa = PBXFileReference; lastKnownFileType = sourcecode.c.h; path = AppDelegate.h; sourceTree = "<group>"; };
		EE51D2FA1526054E008781A1 /* AppDelegate.m */ = {isa = PBXFileReference; lastKnownFileType = sourcecode.c.objc; path = AppDelegate.m; sourceTree = "<group>"; };
		EE51D2FD1526054E008781A1 /* en */ = {isa = PBXFileReference; lastKnownFileType = file.storyboard; name = en; path = en.lproj/MainStoryboard.storyboard; sourceTree = "<group>"; };
		EE6B9EB81547296A002263C4 /* ModelKeys.h */ = {isa = PBXFileReference; fileEncoding = 4; lastKnownFileType = sourcecode.c.h; lineEnding = 0; path = ModelKeys.h; sourceTree = "<group>"; xcLanguageSpecificationIdentifier = xcode.lang.objcpp; };
		FBFDED90153F0B3B002567A1 /* Default-Portrait@2x~ipad.png */ = {isa = PBXFileReference; lastKnownFileType = image.png; name = "Default-Portrait@2x~ipad.png"; path = "../Default-Portrait@2x~ipad.png"; sourceTree = "<group>"; };
		FBFDED93153F1239002567A1 /* main.png */ = {isa = PBXFileReference; lastKnownFileType = image.png; path = main.png; sourceTree = "<group>"; };
/* End PBXFileReference section */

/* Begin PBXFrameworksBuildPhase section */
		EE51D2E11526054E008781A1 /* Frameworks */ = {
			isa = PBXFrameworksBuildPhase;
			buildActionMask = 2147483647;
			files = (
				EE51D2E91526054E008781A1 /* UIKit.framework in Frameworks */,
				EE51D2EB1526054E008781A1 /* Foundation.framework in Frameworks */,
				EE51D2ED1526054E008781A1 /* CoreGraphics.framework in Frameworks */,
				EE51D2EF1526054E008781A1 /* CoreData.framework in Frameworks */,
			);
			runOnlyForDeploymentPostprocessing = 0;
		};
/* End PBXFrameworksBuildPhase section */

/* Begin PBXGroup section */
		EE32EF71152606A400ABDB89 /* Model */ = {
			isa = PBXGroup;
			children = (
				EE0DC9601526086000896418 /* PromNight.xcdatamodeld */,
				AD183B681526A1CC0033025D /* PromNight.sqlite */,
			);
			name = Model;
			sourceTree = "<group>";
		};
		EE32EF73152606B000ABDB89 /* Interface */ = {
			isa = PBXGroup;
			children = (
				EE51D2FC1526054E008781A1 /* MainStoryboard.storyboard */,
			);
			name = Interface;
			sourceTree = "<group>";
		};
		EE51D2D91526054E008781A1 = {
			isa = PBXGroup;
			children = (
				EE51D2F01526054E008781A1 /* PromNight */,
				EE51D2E71526054E008781A1 /* Frameworks */,
				EE51D2E51526054E008781A1 /* Products */,
			);
			sourceTree = "<group>";
		};
		EE51D2E51526054E008781A1 /* Products */ = {
			isa = PBXGroup;
			children = (
				EE51D2E41526054E008781A1 /* PromNight.app */,
			);
			name = Products;
			sourceTree = "<group>";
		};
		EE51D2E71526054E008781A1 /* Frameworks */ = {
			isa = PBXGroup;
			children = (
				EE51D2E81526054E008781A1 /* UIKit.framework */,
				EE51D2EA1526054E008781A1 /* Foundation.framework */,
				EE51D2EC1526054E008781A1 /* CoreGraphics.framework */,
				EE51D2EE1526054E008781A1 /* CoreData.framework */,
			);
			name = Frameworks;
			sourceTree = "<group>";
		};
		EE51D2F01526054E008781A1 /* PromNight */ = {
			isa = PBXGroup;
			children = (
				EE51D2F91526054E008781A1 /* AppDelegate.h */,
				EE51D2FA1526054E008781A1 /* AppDelegate.m */,
				AD183B63152691E40033025D /* MainViewController.h */,
				AD183B64152691E40033025D /* MainViewController.m */,
				EE4744B81546F30900706856 /* ArrivedGuestsViewController.h */,
				EE4744B91546F30900706856 /* ArrivedGuestsViewController.m */,
				EE4744D01547083100706856 /* ArrivedGuestsCell.h */,
				EE4744D11547083100706856 /* ArrivedGuestsCell.m */,
				EE32EF71152606A400ABDB89 /* Model */,
				EE32EF73152606B000ABDB89 /* Interface */,
				EE51D2F11526054E008781A1 /* Supporting Files */,
			);
			path = PromNight;
			sourceTree = "<group>";
		};
		EE51D2F11526054E008781A1 /* Supporting Files */ = {
			isa = PBXGroup;
			children = (
				FBFDED93153F1239002567A1 /* main.png */,
				FBFDED90153F0B3B002567A1 /* Default-Portrait@2x~ipad.png */,
				EE0DC9691526089A00896418 /* CommonMacros.h */,
				EE6B9EB81547296A002263C4 /* ModelKeys.h */,
				EE51D2F21526054E008781A1 /* Info.plist */,
				EE51D2F31526054E008781A1 /* InfoPlist.strings */,
				EE51D2F61526054E008781A1 /* main.m */,
				EE51D2F81526054E008781A1 /* Prefix.pch */,
			);
			name = "Supporting Files";
			sourceTree = "<group>";
		};
/* End PBXGroup section */

/* Begin PBXNativeTarget section */
		EE51D2E31526054E008781A1 /* PromNight */ = {
			isa = PBXNativeTarget;
			buildConfigurationList = EE51D30A1526054E008781A1 /* Build configuration list for PBXNativeTarget "PromNight" */;
			buildPhases = (
				EE51D2E01526054E008781A1 /* Sources */,
				EE51D2E11526054E008781A1 /* Frameworks */,
				EE51D2E21526054E008781A1 /* Resources */,
			);
			buildRules = (
			);
			dependencies = (
			);
			name = PromNight;
			productName = PromNight;
			productReference = EE51D2E41526054E008781A1 /* PromNight.app */;
			productType = "com.apple.product-type.application";
		};
/* End PBXNativeTarget section */

/* Begin PBXProject section */
		EE51D2DB1526054E008781A1 /* Project object */ = {
			isa = PBXProject;
			attributes = {
				LastUpgradeCheck = 0430;
				ORGANIZATIONNAME = "Jungle Candy Software";
			};
			buildConfigurationList = EE51D2DE1526054E008781A1 /* Build configuration list for PBXProject "PromNight" */;
			compatibilityVersion = "Xcode 3.2";
			developmentRegion = English;
			hasScannedForEncodings = 0;
			knownRegions = (
				en,
			);
			mainGroup = EE51D2D91526054E008781A1;
			productRefGroup = EE51D2E51526054E008781A1 /* Products */;
			projectDirPath = "";
			projectRoot = "";
			targets = (
				EE51D2E31526054E008781A1 /* PromNight */,
			);
		};
/* End PBXProject section */

/* Begin PBXResourcesBuildPhase section */
		EE51D2E21526054E008781A1 /* Resources */ = {
			isa = PBXResourcesBuildPhase;
			buildActionMask = 2147483647;
			files = (
				EE51D2F51526054E008781A1 /* InfoPlist.strings in Resources */,
				EE51D2FE1526054E008781A1 /* MainStoryboard.storyboard in Resources */,
				AD183B691526A1CC0033025D /* PromNight.sqlite in Resources */,
				FBFDED91153F0B3B002567A1 /* Default-Portrait@2x~ipad.png in Resources */,
				FBFDED94153F1239002567A1 /* main.png in Resources */,
			);
			runOnlyForDeploymentPostprocessing = 0;
		};
/* End PBXResourcesBuildPhase section */

/* Begin PBXSourcesBuildPhase section */
		EE51D2E01526054E008781A1 /* Sources */ = {
			isa = PBXSourcesBuildPhase;
			buildActionMask = 2147483647;
			files = (
				EE51D2F71526054E008781A1 /* main.m in Sources */,
				EE51D2FB1526054E008781A1 /* AppDelegate.m in Sources */,
				EE0DC9621526086000896418 /* PromNight.xcdatamodeld in Sources */,
				AD183B65152691E40033025D /* MainViewController.m in Sources */,
				EE4744BA1546F30900706856 /* ArrivedGuestsViewController.m in Sources */,
				EE4744D21547083100706856 /* ArrivedGuestsCell.m in Sources */,
			);
			runOnlyForDeploymentPostprocessing = 0;
		};
/* End PBXSourcesBuildPhase section */

/* Begin PBXVariantGroup section */
		EE51D2F31526054E008781A1 /* InfoPlist.strings */ = {
			isa = PBXVariantGroup;
			children = (
				EE51D2F41526054E008781A1 /* en */,
			);
			name = InfoPlist.strings;
			sourceTree = "<group>";
		};
		EE51D2FC1526054E008781A1 /* MainStoryboard.storyboard */ = {
			isa = PBXVariantGroup;
			children = (
				EE51D2FD1526054E008781A1 /* en */,
			);
			name = MainStoryboard.storyboard;
			sourceTree = "<group>";
		};
/* End PBXVariantGroup section */

/* Begin XCBuildConfiguration section */
		EE51D3081526054E008781A1 /* Debug */ = {
			isa = XCBuildConfiguration;
			buildSettings = {
				ALWAYS_SEARCH_USER_PATHS = NO;
				ARCHS = "$(ARCHS_STANDARD_32_BIT)";
				CLANG_ENABLE_OBJC_ARC = YES;
				"CODE_SIGN_IDENTITY[sdk=iphoneos*]" = "iPhone Developer";
				COPY_PHASE_STRIP = NO;
				GCC_C_LANGUAGE_STANDARD = gnu99;
				GCC_DYNAMIC_NO_PIC = NO;
				GCC_OPTIMIZATION_LEVEL = 0;
				GCC_PREPROCESSOR_DEFINITIONS = (
					"DEBUG=1",
					"$(inherited)",
				);
				GCC_SYMBOLS_PRIVATE_EXTERN = NO;
				GCC_VERSION = com.apple.compilers.llvm.clang.1_0;
				GCC_WARN_ABOUT_RETURN_TYPE = YES;
				GCC_WARN_UNINITIALIZED_AUTOS = YES;
				GCC_WARN_UNUSED_VARIABLE = YES;
				IPHONEOS_DEPLOYMENT_TARGET = 5.1;
				SDKROOT = iphoneos;
				TARGETED_DEVICE_FAMILY = 2;
			};
			name = Debug;
		};
		EE51D3091526054E008781A1 /* Release */ = {
			isa = XCBuildConfiguration;
			buildSettings = {
				ALWAYS_SEARCH_USER_PATHS = NO;
				ARCHS = "$(ARCHS_STANDARD_32_BIT)";
				CLANG_ENABLE_OBJC_ARC = YES;
				"CODE_SIGN_IDENTITY[sdk=iphoneos*]" = "iPhone Developer";
				COPY_PHASE_STRIP = YES;
				GCC_C_LANGUAGE_STANDARD = gnu99;
				GCC_VERSION = com.apple.compilers.llvm.clang.1_0;
				GCC_WARN_ABOUT_RETURN_TYPE = YES;
				GCC_WARN_UNINITIALIZED_AUTOS = YES;
				GCC_WARN_UNUSED_VARIABLE = YES;
				IPHONEOS_DEPLOYMENT_TARGET = 5.1;
				OTHER_CFLAGS = "-DNS_BLOCK_ASSERTIONS=1";
				SDKROOT = iphoneos;
				TARGETED_DEVICE_FAMILY = 2;
				VALIDATE_PRODUCT = YES;
			};
			name = Release;
		};
		EE51D30B1526054E008781A1 /* Debug */ = {
			isa = XCBuildConfiguration;
			buildSettings = {
				GCC_PRECOMPILE_PREFIX_HEADER = YES;
				GCC_PREFIX_HEADER = PromNight/Prefix.pch;
				INFOPLIST_FILE = PromNight/Info.plist;
				PRODUCT_NAME = "$(TARGET_NAME)";
				RUN_CLANG_STATIC_ANALYZER = YES;
				TARGETED_DEVICE_FAMILY = 2;
				WRAPPER_EXTENSION = app;
			};
			name = Debug;
		};
		EE51D30C1526054E008781A1 /* Release */ = {
			isa = XCBuildConfiguration;
			buildSettings = {
				GCC_PRECOMPILE_PREFIX_HEADER = YES;
				GCC_PREFIX_HEADER = PromNight/Prefix.pch;
				INFOPLIST_FILE = PromNight/Info.plist;
				PRODUCT_NAME = "$(TARGET_NAME)";
				RUN_CLANG_STATIC_ANALYZER = YES;
				TARGETED_DEVICE_FAMILY = 2;
				WRAPPER_EXTENSION = app;
			};
			name = Release;
		};
/* End XCBuildConfiguration section */

/* Begin XCConfigurationList section */
		EE51D2DE1526054E008781A1 /* Build configuration list for PBXProject "PromNight" */ = {
			isa = XCConfigurationList;
			buildConfigurations = (
				EE51D3081526054E008781A1 /* Debug */,
				EE51D3091526054E008781A1 /* Release */,
			);
			defaultConfigurationIsVisible = 0;
			defaultConfigurationName = Release;
		};
		EE51D30A1526054E008781A1 /* Build configuration list for PBXNativeTarget "PromNight" */ = {
			isa = XCConfigurationList;
			buildConfigurations = (
				EE51D30B1526054E008781A1 /* Debug */,
				EE51D30C1526054E008781A1 /* Release */,
			);
			defaultConfigurationIsVisible = 0;
			defaultConfigurationName = Release;
		};
/* End XCConfigurationList section */

/* Begin XCVersionGroup section */
		EE0DC9601526086000896418 /* PromNight.xcdatamodeld */ = {
			isa = XCVersionGroup;
			children = (
				EE0DC9611526086000896418 /* PromNight.xcdatamodel */,
			);
			currentVersion = EE0DC9611526086000896418 /* PromNight.xcdatamodel */;
			name = PromNight.xcdatamodeld;
			path = ../../Common/PromNight.xcdatamodeld;
			sourceTree = "<group>";
			versionGroupType = wrapper.xcdatamodel;
		};
/* End XCVersionGroup section */
	};
	rootObject = EE51D2DB1526054E008781A1 /* Project object */;
}
